
Microsoft Visual Studio Solution File, Format Version 12.00
# Visual Studio Version 16
VisualStudioVersion = 16.0.31424.327
MinimumVisualStudioVersion = 10.0.40219.1
Project("{FAE04EC0-301F-11D3-BF4B-00C04F79EFBC}") = "PetApp", "PetApp.csproj", "{FC28ADEA-EA84-4285-91D2-4633B15103AB}"
EndProject
Global
	GlobalSection(SolutionConfigurationPlatforms) = preSolution
		Debug|Any CPU = Debug|Any CPU
		Release|Any CPU = Release|Any CPU
	EndGlobalSection
	GlobalSection(ProjectConfigurationPlatforms) = postSolution
		{FC28ADEA-EA84-4285-91D2-4633B15103AB}.Debug|Any CPU.ActiveCfg = Debug|Any CPU
		{FC28ADEA-EA84-4285-91D2-4633B15103AB}.Debug|Any CPU.Build.0 = Debug|Any CPU
		{FC28ADEA-EA84-4285-91D2-4633B15103AB}.Release|Any CPU.ActiveCfg = Release|Any CPU
		{FC28ADEA-EA84-4285-91D2-4633B15103AB}.Release|Any CPU.Build.0 = Release|Any CPU
	EndGlobalSection
	GlobalSection(SolutionProperties) = preSolution
		HideSolutionNode = FALSE
	EndGlobalSection
	GlobalSection(ExtensibilityGlobals) = postSolution
		SolutionGuid = {8E44ED68-7D1F-4D1E-95F0-7F6ED7CCEDDE}
	EndGlobalSection
EndGlobal
