
Microsoft Visual Studio Solution File, Format Version 12.00
# Visual Studio Version 16
VisualStudioVersion = 16.0.31424.327
MinimumVisualStudioVersion = 10.0.40219.1
Project("{FAE04EC0-301F-11D3-BF4B-00C04F79EFBC}") = "FEQ2", "FEQ2.csproj", "{267BBC29-2258-4ED4-9BAB-B70F87150BF2}"
EndProject
Global
	GlobalSection(SolutionConfigurationPlatforms) = preSolution
		Debug|Any CPU = Debug|Any CPU
		Release|Any CPU = Release|Any CPU
	EndGlobalSection
	GlobalSection(ProjectConfigurationPlatforms) = postSolution
		{267BBC29-2258-4ED4-9BAB-B70F87150BF2}.Debug|Any CPU.ActiveCfg = Debug|Any CPU
		{267BBC29-2258-4ED4-9BAB-B70F87150BF2}.Debug|Any CPU.Build.0 = Debug|Any CPU
		{267BBC29-2258-4ED4-9BAB-B70F87150BF2}.Release|Any CPU.ActiveCfg = Release|Any CPU
		{267BBC29-2258-4ED4-9BAB-B70F87150BF2}.Release|Any CPU.Build.0 = Release|Any CPU
	EndGlobalSection
	GlobalSection(SolutionProperties) = preSolution
		HideSolutionNode = FALSE
	EndGlobalSection
	GlobalSection(ExtensibilityGlobals) = postSolution
		SolutionGuid = {8BF08B83-2048-40EE-B14B-04E9BE2A62CC}
	EndGlobalSection
EndGlobal
