
Microsoft Visual Studio Solution File, Format Version 12.00
# Visual Studio Version 16
VisualStudioVersion = 16.0.31424.327
MinimumVisualStudioVersion = 10.0.40219.1
Project("{FAE04EC0-301F-11D3-BF4B-00C04F79EFBC}") = "Doherty_HelloWorld_2", "Doherty_HelloWorld_2.csproj", "{E7E3BFBC-153E-4B12-A374-414E3DDEB837}"
EndProject
Global
	GlobalSection(SolutionConfigurationPlatforms) = preSolution
		Debug|Any CPU = Debug|Any CPU
		Release|Any CPU = Release|Any CPU
	EndGlobalSection
	GlobalSection(ProjectConfigurationPlatforms) = postSolution
		{E7E3BFBC-153E-4B12-A374-414E3DDEB837}.Debug|Any CPU.ActiveCfg = Debug|Any CPU
		{E7E3BFBC-153E-4B12-A374-414E3DDEB837}.Debug|Any CPU.Build.0 = Debug|Any CPU
		{E7E3BFBC-153E-4B12-A374-414E3DDEB837}.Release|Any CPU.ActiveCfg = Release|Any CPU
		{E7E3BFBC-153E-4B12-A374-414E3DDEB837}.Release|Any CPU.Build.0 = Release|Any CPU
	EndGlobalSection
	GlobalSection(SolutionProperties) = preSolution
		HideSolutionNode = FALSE
	EndGlobalSection
	GlobalSection(ExtensibilityGlobals) = postSolution
		SolutionGuid = {5E8F5456-628F-43A0-B2C8-6887921EE19E}
	EndGlobalSection
EndGlobal
