
Microsoft Visual Studio Solution File, Format Version 12.00
# Visual Studio Version 16
VisualStudioVersion = 16.0.31424.327
MinimumVisualStudioVersion = 10.0.40219.1
Project("{FAE04EC0-301F-11D3-BF4B-00C04F79EFBC}") = "New PE12 Part 2", "New PE12 Part 2.csproj", "{D85C4EC1-77D3-4713-A654-FCEA81255F42}"
EndProject
Global
	GlobalSection(SolutionConfigurationPlatforms) = preSolution
		Debug|Any CPU = Debug|Any CPU
		Release|Any CPU = Release|Any CPU
	EndGlobalSection
	GlobalSection(ProjectConfigurationPlatforms) = postSolution
		{D85C4EC1-77D3-4713-A654-FCEA81255F42}.Debug|Any CPU.ActiveCfg = Debug|Any CPU
		{D85C4EC1-77D3-4713-A654-FCEA81255F42}.Debug|Any CPU.Build.0 = Debug|Any CPU
		{D85C4EC1-77D3-4713-A654-FCEA81255F42}.Release|Any CPU.ActiveCfg = Release|Any CPU
		{D85C4EC1-77D3-4713-A654-FCEA81255F42}.Release|Any CPU.Build.0 = Release|Any CPU
	EndGlobalSection
	GlobalSection(SolutionProperties) = preSolution
		HideSolutionNode = FALSE
	EndGlobalSection
	GlobalSection(ExtensibilityGlobals) = postSolution
		SolutionGuid = {5AC2D4E4-DCA0-409F-9256-84F2477506C0}
	EndGlobalSection
EndGlobal
