
Microsoft Visual Studio Solution File, Format Version 12.00
# Visual Studio Version 16
VisualStudioVersion = 16.0.31424.327
MinimumVisualStudioVersion = 10.0.40219.1
Project("{FAE04EC0-301F-11D3-BF4B-00C04F79EFBC}") = "PE9 Part 2", "PE9 Part 2.csproj", "{953B26E6-E700-43BC-8E41-243A6569D5D1}"
EndProject
Global
	GlobalSection(SolutionConfigurationPlatforms) = preSolution
		Debug|Any CPU = Debug|Any CPU
		Release|Any CPU = Release|Any CPU
	EndGlobalSection
	GlobalSection(ProjectConfigurationPlatforms) = postSolution
		{953B26E6-E700-43BC-8E41-243A6569D5D1}.Debug|Any CPU.ActiveCfg = Debug|Any CPU
		{953B26E6-E700-43BC-8E41-243A6569D5D1}.Debug|Any CPU.Build.0 = Debug|Any CPU
		{953B26E6-E700-43BC-8E41-243A6569D5D1}.Release|Any CPU.ActiveCfg = Release|Any CPU
		{953B26E6-E700-43BC-8E41-243A6569D5D1}.Release|Any CPU.Build.0 = Release|Any CPU
	EndGlobalSection
	GlobalSection(SolutionProperties) = preSolution
		HideSolutionNode = FALSE
	EndGlobalSection
	GlobalSection(ExtensibilityGlobals) = postSolution
		SolutionGuid = {77A72FF8-A54D-4BD5-86B9-AF1FB0CC562B}
	EndGlobalSection
EndGlobal
