
Microsoft Visual Studio Solution File, Format Version 12.00
# Visual Studio Version 16
VisualStudioVersion = 16.0.31424.327
MinimumVisualStudioVersion = 10.0.40219.1
Project("{FAE04EC0-301F-11D3-BF4B-00C04F79EFBC}") = "PE8 Part 3", "PE8 Part 3.csproj", "{7C971E22-1C55-4033-BCB0-702AE9FE500C}"
EndProject
Global
	GlobalSection(SolutionConfigurationPlatforms) = preSolution
		Debug|Any CPU = Debug|Any CPU
		Release|Any CPU = Release|Any CPU
	EndGlobalSection
	GlobalSection(ProjectConfigurationPlatforms) = postSolution
		{7C971E22-1C55-4033-BCB0-702AE9FE500C}.Debug|Any CPU.ActiveCfg = Debug|Any CPU
		{7C971E22-1C55-4033-BCB0-702AE9FE500C}.Debug|Any CPU.Build.0 = Debug|Any CPU
		{7C971E22-1C55-4033-BCB0-702AE9FE500C}.Release|Any CPU.ActiveCfg = Release|Any CPU
		{7C971E22-1C55-4033-BCB0-702AE9FE500C}.Release|Any CPU.Build.0 = Release|Any CPU
	EndGlobalSection
	GlobalSection(SolutionProperties) = preSolution
		HideSolutionNode = FALSE
	EndGlobalSection
	GlobalSection(ExtensibilityGlobals) = postSolution
		SolutionGuid = {D1AE87B1-67C8-4B7F-A8C9-8B5540FA4A5B}
	EndGlobalSection
EndGlobal
