
Microsoft Visual Studio Solution File, Format Version 12.00
# Visual Studio Version 16
VisualStudioVersion = 16.0.31424.327
MinimumVisualStudioVersion = 10.0.40219.1
Project("{FAE04EC0-301F-11D3-BF4B-00C04F79EFBC}") = "PE8 Part 4", "PE8 Part 4.csproj", "{23318238-7A29-47D0-8016-DBDE097B4FE9}"
EndProject
Global
	GlobalSection(SolutionConfigurationPlatforms) = preSolution
		Debug|Any CPU = Debug|Any CPU
		Release|Any CPU = Release|Any CPU
	EndGlobalSection
	GlobalSection(ProjectConfigurationPlatforms) = postSolution
		{23318238-7A29-47D0-8016-DBDE097B4FE9}.Debug|Any CPU.ActiveCfg = Debug|Any CPU
		{23318238-7A29-47D0-8016-DBDE097B4FE9}.Debug|Any CPU.Build.0 = Debug|Any CPU
		{23318238-7A29-47D0-8016-DBDE097B4FE9}.Release|Any CPU.ActiveCfg = Release|Any CPU
		{23318238-7A29-47D0-8016-DBDE097B4FE9}.Release|Any CPU.Build.0 = Release|Any CPU
	EndGlobalSection
	GlobalSection(SolutionProperties) = preSolution
		HideSolutionNode = FALSE
	EndGlobalSection
	GlobalSection(ExtensibilityGlobals) = postSolution
		SolutionGuid = {F81E13CE-05F8-4E92-AA6C-5420C27835E6}
	EndGlobalSection
EndGlobal
