
Microsoft Visual Studio Solution File, Format Version 12.00
# Visual Studio Version 16
VisualStudioVersion = 16.0.31424.327
MinimumVisualStudioVersion = 10.0.40219.1
Project("{FAE04EC0-301F-11D3-BF4B-00C04F79EFBC}") = "PE3", "PE3.csproj", "{21102987-A7B0-43C0-98E5-25F236DFEC7D}"
EndProject
Global
	GlobalSection(SolutionConfigurationPlatforms) = preSolution
		Debug|Any CPU = Debug|Any CPU
		Release|Any CPU = Release|Any CPU
	EndGlobalSection
	GlobalSection(ProjectConfigurationPlatforms) = postSolution
		{21102987-A7B0-43C0-98E5-25F236DFEC7D}.Debug|Any CPU.ActiveCfg = Debug|Any CPU
		{21102987-A7B0-43C0-98E5-25F236DFEC7D}.Debug|Any CPU.Build.0 = Debug|Any CPU
		{21102987-A7B0-43C0-98E5-25F236DFEC7D}.Release|Any CPU.ActiveCfg = Release|Any CPU
		{21102987-A7B0-43C0-98E5-25F236DFEC7D}.Release|Any CPU.Build.0 = Release|Any CPU
	EndGlobalSection
	GlobalSection(SolutionProperties) = preSolution
		HideSolutionNode = FALSE
	EndGlobalSection
	GlobalSection(ExtensibilityGlobals) = postSolution
		SolutionGuid = {484FEE38-C3D8-4C92-A1C1-BF24CBED8106}
	EndGlobalSection
EndGlobal
