
Microsoft Visual Studio Solution File, Format Version 12.00
# Visual Studio Version 16
VisualStudioVersion = 16.0.31424.327
MinimumVisualStudioVersion = 10.0.40219.1
Project("{FAE04EC0-301F-11D3-BF4B-00C04F79EFBC}") = "PeopleApp", "PeopleApp.csproj", "{5FDFE8C1-06BE-4A51-BFC6-37261FBB5812}"
EndProject
Global
	GlobalSection(SolutionConfigurationPlatforms) = preSolution
		Debug|Any CPU = Debug|Any CPU
		Release|Any CPU = Release|Any CPU
	EndGlobalSection
	GlobalSection(ProjectConfigurationPlatforms) = postSolution
		{5FDFE8C1-06BE-4A51-BFC6-37261FBB5812}.Debug|Any CPU.ActiveCfg = Debug|Any CPU
		{5FDFE8C1-06BE-4A51-BFC6-37261FBB5812}.Debug|Any CPU.Build.0 = Debug|Any CPU
		{5FDFE8C1-06BE-4A51-BFC6-37261FBB5812}.Release|Any CPU.ActiveCfg = Release|Any CPU
		{5FDFE8C1-06BE-4A51-BFC6-37261FBB5812}.Release|Any CPU.Build.0 = Release|Any CPU
	EndGlobalSection
	GlobalSection(SolutionProperties) = preSolution
		HideSolutionNode = FALSE
	EndGlobalSection
	GlobalSection(ExtensibilityGlobals) = postSolution
		SolutionGuid = {532DB567-40F3-4A12-8DA0-F9ACEFDA36E8}
	EndGlobalSection
EndGlobal
