
Microsoft Visual Studio Solution File, Format Version 12.00
# Visual Studio Version 16
VisualStudioVersion = 16.0.31424.327
MinimumVisualStudioVersion = 10.0.40219.1
Project("{FAE04EC0-301F-11D3-BF4B-00C04F79EFBC}") = "Exam 1 Q13", "Exam 1 Q13.csproj", "{F34C379F-AA1B-44CC-BC88-A425A38E8E1B}"
EndProject
Global
	GlobalSection(SolutionConfigurationPlatforms) = preSolution
		Debug|Any CPU = Debug|Any CPU
		Release|Any CPU = Release|Any CPU
	EndGlobalSection
	GlobalSection(ProjectConfigurationPlatforms) = postSolution
		{F34C379F-AA1B-44CC-BC88-A425A38E8E1B}.Debug|Any CPU.ActiveCfg = Debug|Any CPU
		{F34C379F-AA1B-44CC-BC88-A425A38E8E1B}.Debug|Any CPU.Build.0 = Debug|Any CPU
		{F34C379F-AA1B-44CC-BC88-A425A38E8E1B}.Release|Any CPU.ActiveCfg = Release|Any CPU
		{F34C379F-AA1B-44CC-BC88-A425A38E8E1B}.Release|Any CPU.Build.0 = Release|Any CPU
	EndGlobalSection
	GlobalSection(SolutionProperties) = preSolution
		HideSolutionNode = FALSE
	EndGlobalSection
	GlobalSection(ExtensibilityGlobals) = postSolution
		SolutionGuid = {35C4F1C4-FAD0-4AFB-A7D7-6893811CB57E}
	EndGlobalSection
EndGlobal
