
Microsoft Visual Studio Solution File, Format Version 12.00
# Visual Studio Version 16
VisualStudioVersion = 16.0.31424.327
MinimumVisualStudioVersion = 10.0.40219.1
Project("{FAE04EC0-301F-11D3-BF4B-00C04F79EFBC}") = "PE12", "PE12.csproj", "{9712C975-7233-4EF2-A117-7B96C0A99B68}"
EndProject
Global
	GlobalSection(SolutionConfigurationPlatforms) = preSolution
		Debug|Any CPU = Debug|Any CPU
		Release|Any CPU = Release|Any CPU
	EndGlobalSection
	GlobalSection(ProjectConfigurationPlatforms) = postSolution
		{9712C975-7233-4EF2-A117-7B96C0A99B68}.Debug|Any CPU.ActiveCfg = Debug|Any CPU
		{9712C975-7233-4EF2-A117-7B96C0A99B68}.Debug|Any CPU.Build.0 = Debug|Any CPU
		{9712C975-7233-4EF2-A117-7B96C0A99B68}.Release|Any CPU.ActiveCfg = Release|Any CPU
		{9712C975-7233-4EF2-A117-7B96C0A99B68}.Release|Any CPU.Build.0 = Release|Any CPU
	EndGlobalSection
	GlobalSection(SolutionProperties) = preSolution
		HideSolutionNode = FALSE
	EndGlobalSection
	GlobalSection(ExtensibilityGlobals) = postSolution
		SolutionGuid = {715AF339-4FDA-4175-8094-182C1D67AE5E}
	EndGlobalSection
EndGlobal
